// !$*UTF8*$!
{
	archiveVersion = 1;
	classes = {
	};
	objectVersion = 46;
	objects = {

/* Begin PBXBuildFile section */
		6391075E1D9A50D700FFE264 /* main.m in Sources */ = {isa = PBXBuildFile; fileRef = 6391075D1D9A50D700FFE264 /* main.m */; };
		639107611D9A50D700FFE264 /* AppDelegate.m in Sources */ = {isa = PBXBuildFile; fileRef = 639107601D9A50D700FFE264 /* AppDelegate.m */; };
		639107641D9A50D700FFE264 /* ViewController.m in Sources */ = {isa = PBXBuildFile; fileRef = 639107631D9A50D700FFE264 /* ViewController.m */; };
		639107671D9A50D700FFE264 /* Main.storyboard in Resources */ = {isa = PBXBuildFile; fileRef = 639107651D9A50D700FFE264 /* Main.storyboard */; };
		639107691D9A50D700FFE264 /* Assets.xcassets in Resources */ = {isa = PBXBuildFile; fileRef = 639107681D9A50D700FFE264 /* Assets.xcassets */; };
		6391076C1D9A50D700FFE264 /* LaunchScreen.storyboard in Resources */ = {isa = PBXBuildFile; fileRef = 6391076A1D9A50D700FFE264 /* LaunchScreen.storyboard */; };
/* End PBXBuildFile section */

/* Begin PBXFileReference section */
		639107591D9A50D700FFE264 /* HNACellMonitor.app */ = {isa = PBXFileReference; explicitFileType = wrapper.application; includeInIndex = 0; path = HNACellMonitor.app; sourceTree = BUILT_PRODUCTS_DIR; };
		6391075D1D9A50D700FFE264 /* main.m */ = {isa = PBXFileReference; lastKnownFileType = sourcecode.c.objc; path = main.m; sourceTree = "<group>"; };
		6391075F1D9A50D700FFE264 /* AppDelegate.h */ = {isa = PBXFileReference; lastKnownFileType = sourcecode.c.h; path = AppDelegate.h; sourceTree = "<group>"; };
		639107601D9A50D700FFE264 /* AppDelegate.m */ = {isa = PBXFileReference; lastKnownFileType = sourcecode.c.objc; path = AppDelegate.m; sourceTree = "<group>"; };
		639107621D9A50D700FFE264 /* ViewController.h */ = {isa = PBXFileReference; lastKnownFileType = sourcecode.c.h; path = ViewController.h; sourceTree = "<group>"; };
		639107631D9A50D700FFE264 /* ViewController.m */ = {isa = PBXFileReference; lastKnownFileType = sourcecode.c.objc; path = ViewController.m; sourceTree = "<group>"; };
		639107661D9A50D700FFE264 /* Base */ = {isa = PBXFileReference; lastKnownFileType = file.storyboard; name = Base; path = Base.lproj/Main.storyboard; sourceTree = "<group>"; };
		639107681D9A50D700FFE264 /* Assets.xcassets */ = {isa = PBXFileReference; lastKnownFileType = folder.assetcatalog; path = Assets.xcassets; sourceTree = "<group>"; };
		6391076B1D9A50D700FFE264 /* Base */ = {isa = PBXFileReference; lastKnownFileType = file.storyboard; name = Base; path = Base.lproj/LaunchScreen.storyboard; sourceTree = "<group>"; };
		6391076D1D9A50D700FFE264 /* Info.plist */ = {isa = PBXFileReference; lastKnownFileType = text.plist.xml; path = Info.plist; sourceTree = "<group>"; };
/* End PBXFileReference section */

/* Begin PBXFrameworksBuildPhase section */
		639107561D9A50D700FFE264 /* Frameworks */ = {
			isa = PBXFrameworksBuildPhase;
			buildActionMask = 2147483647;
			files = (
			);
			runOnlyForDeploymentPostprocessing = 0;
		};
/* End PBXFrameworksBuildPhase section */

/* Begin PBXGroup section */
		639107501D9A50D700FFE264 = {
			isa = PBXGroup;
			children = (
				6391075B1D9A50D700FFE264 /* HNACellMonitor */,
				6391075A1D9A50D700FFE264 /* Products */,
			);
			sourceTree = "<group>";
		};
		6391075A1D9A50D700FFE264 /* Products */ = {
			isa = PBXGroup;
			children = (
				639107591D9A50D700FFE264 /* HNACellMonitor.app */,
			);
			name = Products;
			sourceTree = "<group>";
		};
		6391075B1D9A50D700FFE264 /* HNACellMonitor */ = {
			isa = PBXGroup;
			children = (
				6391075F1D9A50D700FFE264 /* AppDelegate.h */,
				639107601D9A50D700FFE264 /* AppDelegate.m */,
				639107621D9A50D700FFE264 /* ViewController.h */,
				639107631D9A50D700FFE264 /* ViewController.m */,
				639107651D9A50D700FFE264 /* Main.storyboard */,
				639107681D9A50D700FFE264 /* Assets.xcassets */,
				6391076A1D9A50D700FFE264 /* LaunchScreen.storyboard */,
				6391076D1D9A50D700FFE264 /* Info.plist */,
				6391075C1D9A50D700FFE264 /* Supporting Files */,
			);
			path = HNACellMonitor;
			sourceTree = "<group>";
		};
		6391075C1D9A50D700FFE264 /* Supporting Files */ = {
			isa = PBXGroup;
			children = (
				6391075D1D9A50D700FFE264 /* main.m */,
			);
			name = "Supporting Files";
			sourceTree = "<group>";
		};
/* End PBXGroup section */

/* Begin PBXNativeTarget section */
		639107581D9A50D700FFE264 /* HNACellMonitor */ = {
			isa = PBXNativeTarget;
			buildConfigurationList = 639107701D9A50D700FFE264 /* Build configuration list for PBXNativeTarget "HNACellMonitor" */;
			buildPhases = (
				639107551D9A50D700FFE264 /* Sources */,
				639107561D9A50D700FFE264 /* Frameworks */,
				639107571D9A50D700FFE264 /* Resources */,
			);
			buildRules = (
			);
			dependencies = (
			);
			name = HNACellMonitor;
			productName = HNACellMonitor;
			productReference = 639107591D9A50D700FFE264 /* HNACellMonitor.app */;
			productType = "com.apple.product-type.application";
		};
/* End PBXNativeTarget section */

/* Begin PBXProject section */
		639107511D9A50D700FFE264 /* Project object */ = {
			isa = PBXProject;
			attributes = {
				LastUpgradeCheck = 0730;
				ORGANIZATIONNAME = "__无邪_";
				TargetAttributes = {
					639107581D9A50D700FFE264 = {
						CreatedOnToolsVersion = 7.3.1;
					};
				};
			};
			buildConfigurationList = 639107541D9A50D700FFE264 /* Build configuration list for PBXProject "HNACellMonitor" */;
			compatibilityVersion = "Xcode 3.2";
			developmentRegion = English;
			hasScannedForEncodings = 0;
			knownRegions = (
				en,
				Base,
			);
			mainGroup = 639107501D9A50D700FFE264;
			productRefGroup = 6391075A1D9A50D700FFE264 /* Products */;
			projectDirPath = "";
			projectRoot = "";
			targets = (
				639107581D9A50D700FFE264 /* HNACellMonitor */,
			);
		};
/* End PBXProject section */

/* Begin PBXResourcesBuildPhase section */
		639107571D9A50D700FFE264 /* Resources */ = {
			isa = PBXResourcesBuildPhase;
			buildActionMask = 2147483647;
			files = (
				6391076C1D9A50D700FFE264 /* LaunchScreen.storyboard in Resources */,
				639107691D9A50D700FFE264 /* Assets.xcassets in Resources */,
				639107671D9A50D700FFE264 /* Main.storyboard in Resources */,
			);
			runOnlyForDeploymentPostprocessing = 0;
		};
/* End PBXResourcesBuildPhase section */

/* Begin PBXSourcesBuildPhase section */
		639107551D9A50D700FFE264 /* Sources */ = {
			isa = PBXSourcesBuildPhase;
			buildActionMask = 2147483647;
			files = (
				639107641D9A50D700FFE264 /* ViewController.m in Sources */,
				639107611D9A50D700FFE264 /* AppDelegate.m in Sources */,
				6391075E1D9A50D700FFE264 /* main.m in Sources */,
			);
			runOnlyForDeploymentPostprocessing = 0;
		};
/* End PBXSourcesBuildPhase section */

/* Begin PBXVariantGroup section */
		639107651D9A50D700FFE264 /* Main.storyboard */ = {
			isa = PBXVariantGroup;
			children = (
				639107661D9A50D700FFE264 /* Base */,
			);
			name = Main.storyboard;
			sourceTree = "<group>";
		};
		6391076A1D9A50D700FFE264 /* LaunchScreen.storyboard */ = {
			isa = PBXVariantGroup;
			children = (
				6391076B1D9A50D700FFE264 /* Base */,
			);
			name = LaunchScreen.storyboard;
			sourceTree = "<group>";
		};
/* End PBXVariantGroup section */

/* Begin XCBuildConfiguration section */
		6391076E1D9A50D700FFE264 /* Debug */ = {
			isa = XCBuildConfiguration;
			buildSettings = {
				ALWAYS_SEARCH_USER_PATHS = NO;
				CLANG_ANALYZER_NONNULL = YES;
				CLANG_CXX_LANGUAGE_STANDARD = "gnu++0x";
				CLANG_CXX_LIBRARY = "libc++";
				CLANG_ENABLE_MODULES = YES;
				CLANG_ENABLE_OBJC_ARC = YES;
				CLANG_WARN_BOOL_CONVERSION = YES;
				CLANG_WARN_CONSTANT_CONVERSION = YES;
				CLANG_WARN_DIRECT_OBJC_ISA_USAGE = YES_ERROR;
				CLANG_WARN_EMPTY_BODY = YES;
				CLANG_WARN_ENUM_CONVERSION = YES;
				CLANG_WARN_INT_CONVERSION = YES;
				CLANG_WARN_OBJC_ROOT_CLASS = YES_ERROR;
				CLANG_WARN_UNREACHABLE_CODE = YES;
				CLANG_WARN__DUPLICATE_METHOD_MATCH = YES;
				"CODE_SIGN_IDENTITY[sdk=iphoneos*]" = "iPhone Developer";
				COPY_PHASE_STRIP = NO;
				DEBUG_INFORMATION_FORMAT = dwarf;
				ENABLE_STRICT_OBJC_MSGSEND = YES;
				ENABLE_TESTABILITY = YES;
				GCC_C_LANGUAGE_STANDARD = gnu99;
				GCC_DYNAMIC_NO_PIC = NO;
				GCC_NO_COMMON_BLOCKS = YES;
				GCC_OPTIMIZATION_LEVEL = 0;
				GCC_PREPROCESSOR_DEFINITIONS = (
					"DEBUG=1",
					"$(inherited)",
				);
				GCC_WARN_64_TO_32_BIT_CONVERSION = YES;
				GCC_WARN_ABOUT_RETURN_TYPE = YES_ERROR;
				GCC_WARN_UNDECLARED_SELECTOR = YES;
				GCC_WARN_UNINITIALIZED_AUTOS = YES_AGGRESSIVE;
				GCC_WARN_UNUSED_FUNCTION = YES;
				GCC_WARN_UNUSED_VARIABLE = YES;
				IPHONEOS_DEPLOYMENT_TARGET = 9.3;
				MTL_ENABLE_DEBUG_INFO = YES;
				ONLY_ACTIVE_ARCH = YES;
				SDKROOT = iphoneos;
				TARGETED_DEVICE_FAMILY = "1,2";
			};
			name = Debug;
		};
		6391076F1D9A50D700FFE264 /* Release */ = {
			isa = XCBuildConfiguration;
			buildSettings = {
				ALWAYS_SEARCH_USER_PATHS = NO;
				CLANG_ANALYZER_NONNULL = YES;
				CLANG_CXX_LANGUAGE_STANDARD = "gnu++0x";
				CLANG_CXX_LIBRARY = "libc++";
				CLANG_ENABLE_MODULES = YES;
				CLANG_ENABLE_OBJC_ARC = YES;
				CLANG_WARN_BOOL_CONVERSION = YES;
				CLANG_WARN_CONSTANT_CONVERSION = YES;
				CLANG_WARN_DIRECT_OBJC_ISA_USAGE = YES_ERROR;
				CLANG_WARN_EMPTY_BODY = YES;
				CLANG_WARN_ENUM_CONVERSION = YES;
				CLANG_WARN_INT_CONVERSION = YES;
				CLANG_WARN_OBJC_ROOT_CLASS = YES_ERROR;
				CLANG_WARN_UNREACHABLE_CODE = YES;
				CLANG_WARN__DUPLICATE_METHOD_MATCH = YES;
				"CODE_SIGN_IDENTITY[sdk=iphoneos*]" = "iPhone Developer";
				COPY_PHASE_STRIP = NO;
				DEBUG_INFORMATION_FORMAT = "dwarf-with-dsym";
				ENABLE_NS_ASSERTIONS = NO;
				ENABLE_STRICT_OBJC_MSGSEND = YES;
				GCC_C_LANGUAGE_STANDARD = gnu99;
				GCC_NO_COMMON_BLOCKS = YES;
				GCC_WARN_64_TO_32_BIT_CONVERSION = YES;
				GCC_WARN_ABOUT_RETURN_TYPE = YES_ERROR;
				GCC_WARN_UNDECLARED_SELECTOR = YES;
				GCC_WARN_UNINITIALIZED_AUTOS = YES_AGGRESSIVE;
				GCC_WARN_UNUSED_FUNCTION = YES;
				GCC_WARN_UNUSED_VARIABLE = YES;
				IPHONEOS_DEPLOYMENT_TARGET = 9.3;
				MTL_ENABLE_DEBUG_INFO = NO;
				SDKROOT = iphoneos;
				TARGETED_DEVICE_FAMILY = "1,2";
				VALIDATE_PRODUCT = YES;
			};
			name = Release;
		};
		639107711D9A50D700FFE264 /* Debug */ = {
			isa = XCBuildConfiguration;
			buildSettings = {
				ASSETCATALOG_COMPILER_APPICON_NAME = AppIcon;
				INFOPLIST_FILE = HNACellMonitor/Info.plist;
				LD_RUNPATH_SEARCH_PATHS = "$(inherited) @executable_path/Frameworks";
				PRODUCT_BUNDLE_IDENTIFIER = HNA.HNACellMonitor;
				PRODUCT_NAME = "$(TARGET_NAME)";
			};
			name = Debug;
		};
		639107721D9A50D700FFE264 /* Release */ = {
			isa = XCBuildConfiguration;
			buildSettings = {
				ASSETCATALOG_COMPILER_APPICON_NAME = AppIcon;
				INFOPLIST_FILE = HNACellMonitor/Info.plist;
				LD_RUNPATH_SEARCH_PATHS = "$(inherited) @executable_path/Frameworks";
				PRODUCT_BUNDLE_IDENTIFIER = HNA.HNACellMonitor;
				PRODUCT_NAME = "$(TARGET_NAME)";
			};
			name = Release;
		};
/* End XCBuildConfiguration section */

/* Begin XCConfigurationList section */
		639107541D9A50D700FFE264 /* Build configuration list for PBXProject "HNACellMonitor" */ = {
			isa = XCConfigurationList;
			buildConfigurations = (
				6391076E1D9A50D700FFE264 /* Debug */,
				6391076F1D9A50D700FFE264 /* Release */,
			);
			defaultConfigurationIsVisible = 0;
			defaultConfigurationName = Release;
		};
		639107701D9A50D700FFE264 /* Build configuration list for PBXNativeTarget "HNACellMonitor" */ = {
			isa = XCConfigurationList;
			buildConfigurations = (
				639107711D9A50D700FFE264 /* Debug */,
				639107721D9A50D700FFE264 /* Release */,
			);
			defaultConfigurationIsVisible = 0;
		};
/* End XCConfigurationList section */
	};
	rootObject = 639107511D9A50D700FFE264 /* Project object */;
}
